
Microsoft Visual Studio Solution File, Format Version 12.00
# Visual Studio Version 17
VisualStudioVersion = 17.9.34728.123
MinimumVisualStudioVersion = 10.0.40219.1
Project("{FAE04EC0-301F-11D3-BF4B-00C04F79EFBC}") = "API", "API\API.csproj", "{26812F05-2152-405B-8E40-B01C6C4DFB09}"
EndProject
Project("{FAE04EC0-301F-11D3-BF4B-00C04F79EFBC}") = "Application", "Application\Application.csproj", "{B7FDDEDA-A4A9-4237-B4CB-B8AEAE566444}"
EndProject
Project("{FAE04EC0-301F-11D3-BF4B-00C04F79EFBC}") = "Infrastructure", "Infrastructure\Infrastructure.csproj", "{5475561D-64DD-4416-8CF9-65C21FF9696C}"
EndProject
Project("{FAE04EC0-301F-11D3-BF4B-00C04F79EFBC}") = "Domine", "Domine\Domine.csproj", "{DD981D51-2E20-4ED5-BC39-1D38091AC8E9}"
EndProject
Global
	GlobalSection(SolutionConfigurationPlatforms) = preSolution
		Debug|Any CPU = Debug|Any CPU
		Release|Any CPU = Release|Any CPU
	EndGlobalSection
	GlobalSection(ProjectConfigurationPlatforms) = postSolution
		{26812F05-2152-405B-8E40-B01C6C4DFB09}.Debug|Any CPU.ActiveCfg = Debug|Any CPU
		{26812F05-2152-405B-8E40-B01C6C4DFB09}.Debug|Any CPU.Build.0 = Debug|Any CPU
		{26812F05-2152-405B-8E40-B01C6C4DFB09}.Release|Any CPU.ActiveCfg = Release|Any CPU
		{26812F05-2152-405B-8E40-B01C6C4DFB09}.Release|Any CPU.Build.0 = Release|Any CPU
		{B7FDDEDA-A4A9-4237-B4CB-B8AEAE566444}.Debug|Any CPU.ActiveCfg = Debug|Any CPU
		{B7FDDEDA-A4A9-4237-B4CB-B8AEAE566444}.Debug|Any CPU.Build.0 = Debug|Any CPU
		{B7FDDEDA-A4A9-4237-B4CB-B8AEAE566444}.Release|Any CPU.ActiveCfg = Release|Any CPU
		{B7FDDEDA-A4A9-4237-B4CB-B8AEAE566444}.Release|Any CPU.Build.0 = Release|Any CPU
		{5475561D-64DD-4416-8CF9-65C21FF9696C}.Debug|Any CPU.ActiveCfg = Debug|Any CPU
		{5475561D-64DD-4416-8CF9-65C21FF9696C}.Debug|Any CPU.Build.0 = Debug|Any CPU
		{5475561D-64DD-4416-8CF9-65C21FF9696C}.Release|Any CPU.ActiveCfg = Release|Any CPU
		{5475561D-64DD-4416-8CF9-65C21FF9696C}.Release|Any CPU.Build.0 = Release|Any CPU
		{DD981D51-2E20-4ED5-BC39-1D38091AC8E9}.Debug|Any CPU.ActiveCfg = Debug|Any CPU
		{DD981D51-2E20-4ED5-BC39-1D38091AC8E9}.Debug|Any CPU.Build.0 = Debug|Any CPU
		{DD981D51-2E20-4ED5-BC39-1D38091AC8E9}.Release|Any CPU.ActiveCfg = Release|Any CPU
		{DD981D51-2E20-4ED5-BC39-1D38091AC8E9}.Release|Any CPU.Build.0 = Release|Any CPU
	EndGlobalSection
	GlobalSection(SolutionProperties) = preSolution
		HideSolutionNode = FALSE
	EndGlobalSection
	GlobalSection(ExtensibilityGlobals) = postSolution
		SolutionGuid = {B49DE887-B1D5-4E37-9AFC-564B42ED8B63}
	EndGlobalSection
EndGlobal
